
Microsoft Visual Studio Solution File, Format Version 12.00
# Visual Studio Version 17
VisualStudioVersion = 17.1.32228.430
MinimumVisualStudioVersion = 10.0.40219.1
Project("{9A19103F-16F7-4668-BE54-9A1E7A4F7556}") = "Azure", "src\Azure.csproj", "{10712FB8-7A2A-4582-B60A-6D59367FB05C}"
EndProject
Project("{9A19103F-16F7-4668-BE54-9A1E7A4F7556}") = "Azure.Tests", "tests\Azure.Tests.csproj", "{781CE876-4AC5-4475-9062-78B718FB207E}"
EndProject
Global
	GlobalSection(SolutionConfigurationPlatforms) = preSolution
		Debug|Any CPU = Debug|Any CPU
		Release|Any CPU = Release|Any CPU
	EndGlobalSection
	GlobalSection(ProjectConfigurationPlatforms) = postSolution
		{10712FB8-7A2A-4582-B60A-6D59367FB05C}.Debug|Any CPU.ActiveCfg = Debug|Any CPU
		{10712FB8-7A2A-4582-B60A-6D59367FB05C}.Debug|Any CPU.Build.0 = Debug|Any CPU
		{10712FB8-7A2A-4582-B60A-6D59367FB05C}.Release|Any CPU.ActiveCfg = Release|Any CPU
		{10712FB8-7A2A-4582-B60A-6D59367FB05C}.Release|Any CPU.Build.0 = Release|Any CPU
		{781CE876-4AC5-4475-9062-78B718FB207E}.Debug|Any CPU.ActiveCfg = Debug|Any CPU
		{781CE876-4AC5-4475-9062-78B718FB207E}.Debug|Any CPU.Build.0 = Debug|Any CPU
		{781CE876-4AC5-4475-9062-78B718FB207E}.Release|Any CPU.ActiveCfg = Release|Any CPU
		{781CE876-4AC5-4475-9062-78B718FB207E}.Release|Any CPU.Build.0 = Release|Any CPU
	EndGlobalSection
	GlobalSection(SolutionProperties) = preSolution
		HideSolutionNode = FALSE
	EndGlobalSection
	GlobalSection(ExtensibilityGlobals) = postSolution
		SolutionGuid = {62AEB001-88C5-4378-B7A6-A92C465300B6}
	EndGlobalSection
EndGlobal
